
Microsoft Visual Studio Solution File, Format Version 12.00
# Visual Studio Version 17
VisualStudioVersion = 17.2.32526.322
MinimumVisualStudioVersion = 10.0.40219.1
Project("{FAE04EC0-301F-11D3-BF4B-00C04F79EFBC}") = "FloraCapstone2nd", "FloraCapstone2nd\FloraCapstone2nd.csproj", "{A0FAB8F4-2F08-44F1-83B7-808504AFCD7E}"
EndProject
Global
	GlobalSection(SolutionConfigurationPlatforms) = preSolution
		Debug|Any CPU = Debug|Any CPU
		Release|Any CPU = Release|Any CPU
	EndGlobalSection
	GlobalSection(ProjectConfigurationPlatforms) = postSolution
		{A0FAB8F4-2F08-44F1-83B7-808504AFCD7E}.Debug|Any CPU.ActiveCfg = Debug|Any CPU
		{A0FAB8F4-2F08-44F1-83B7-808504AFCD7E}.Debug|Any CPU.Build.0 = Debug|Any CPU
		{A0FAB8F4-2F08-44F1-83B7-808504AFCD7E}.Release|Any CPU.ActiveCfg = Release|Any CPU
		{A0FAB8F4-2F08-44F1-83B7-808504AFCD7E}.Release|Any CPU.Build.0 = Release|Any CPU
	EndGlobalSection
	GlobalSection(SolutionProperties) = preSolution
		HideSolutionNode = FALSE
	EndGlobalSection
	GlobalSection(ExtensibilityGlobals) = postSolution
		SolutionGuid = {78EE8194-1B81-4B77-896F-CFB4CE5864A4}
	EndGlobalSection
EndGlobal
